# This file is automatically @generated by Poetry 1.7.1 and should not be changed by hand.

[[package]]
name = "blinkstick"
version = "1.2.0"
description = "Python package to control BlinkStick USB devices."
optional = false
python-versions = "*"
files = [
    {file = "BlinkStick-1.2.0-py3-none-any.whl", hash = "sha256:eeabbb207180b46f92aec392dd508c24e6ddaede6101f4eb54e7a91bed424d08"},
    {file = "BlinkStick-1.2.0.tar.gz", hash = "sha256:a9324e04a3733c89476182bddeb109b4487de0dc7d01f587e07e191d501cb365"},
]

[package.dependencies]
pywinusb = "*"

[[package]]
name = "click"
version = "8.1.7"
description = "Composable command line interface toolkit"
optional = false
python-versions = ">=3.7"
files = [
    {file = "click-8.1.7-py3-none-any.whl", hash = "sha256:ae74fb96c20a0277a1d615f1e4d73c8414f5a98db8b799a7931d1582f3390c28"},
    {file = "click-8.1.7.tar.gz", hash = "sha256:ca9853ad459e787e2192211578cc907e7594e294c7ccc834310722b41b9ca6de"},
]

[package.dependencies]
colorama = {version = "*", markers = "platform_system == \"Windows\""}

[[package]]
name = "colorama"
version = "0.4.6"
description = "Cross-platform colored terminal text."
optional = false
python-versions = "!=3.0.*,!=3.1.*,!=3.2.*,!=3.3.*,!=3.4.*,!=3.5.*,!=3.6.*,>=2.7"
files = [
    {file = "colorama-0.4.6-py2.py3-none-any.whl", hash = "sha256:4f1d9991f5acc0ca119f9d443620b77f9d6b33703e51011c16baf57afb285fc6"},
    {file = "colorama-0.4.6.tar.gz", hash = "sha256:08695f5cb7ed6e0531a20572697297273c47b8cae5a63ffc6d6ed5c201be6e44"},
]

[[package]]
name = "i3ipc"
version = "2.2.1"
description = "An improved Python library to control i3wm and sway"
optional = false
python-versions = ">=3.4.0"
files = [
    {file = "i3ipc-2.2.1-py3-none-any.whl", hash = "sha256:c0b898223d50d42c90c818deb5033d1304c582755547dee7d15df3e3781bc690"},
    {file = "i3ipc-2.2.1.tar.gz", hash = "sha256:e880d7d7147959ead5cb34764f08b97b41385b36eb8256e8af1ce163dbcccce8"},
]

[package.dependencies]
python-xlib = "*"

[[package]]
name = "pycairo"
version = "1.25.1"
description = "Python interface for cairo"
optional = false
python-versions = ">=3.8"
files = [
    {file = "pycairo-1.25.1-cp310-cp310-win32.whl", hash = "sha256:cacb5c2abbfdfc79c728ab261ff791511e4957b606c660f9b380975b678b728f"},
    {file = "pycairo-1.25.1-cp310-cp310-win_amd64.whl", hash = "sha256:109ebbeb5bbc510b726fc31251071264dec241e5084d0668f846d7e17e5af8e0"},
    {file = "pycairo-1.25.1-cp310-cp310-win_arm64.whl", hash = "sha256:b19269a8bf9ab5e3c617f2699bed00977fd02ff304339a233654456c0236f7c6"},
    {file = "pycairo-1.25.1-cp311-cp311-win32.whl", hash = "sha256:b10e58a3ce41e487aae15050b630742e880d4135cee7a69cee2c0ea2a0b4bd0a"},
    {file = "pycairo-1.25.1-cp311-cp311-win_amd64.whl", hash = "sha256:fcf5511b05a652a0ef87f626bf26bfc1b796a67f0d1bd40781c62986fb41c356"},
    {file = "pycairo-1.25.1-cp311-cp311-win_arm64.whl", hash = "sha256:4133ba3ef6d875aa1b16643dc0801846f463b8e78750f5308c41902dfeac5b9a"},
    {file = "pycairo-1.25.1-cp312-cp312-win32.whl", hash = "sha256:56fee2837a07ecd914f4fbf78ff59445f78becd658fe36125101925dd489eb94"},
    {file = "pycairo-1.25.1-cp312-cp312-win_amd64.whl", hash = "sha256:fb31eec2c41ec74e23dc0fc9feb4007b4c37f78ec76220ed92530b342e09821a"},
    {file = "pycairo-1.25.1-cp312-cp312-win_arm64.whl", hash = "sha256:27011d822952d7817130fc17f490de94328590bc8d45bdbca9ec4a47039fca22"},
    {file = "pycairo-1.25.1-cp38-cp38-win32.whl", hash = "sha256:9a7c5ed92fe87f60e9796777d5255f2df2deeb8ab1e3c296e67a1d8c9790808c"},
    {file = "pycairo-1.25.1-cp38-cp38-win_amd64.whl", hash = "sha256:48603ad31616140ad6fa097f13086d0ce8f29ead35ad6a215962f3b0496a5a70"},
    {file = "pycairo-1.25.1-cp39-cp39-win32.whl", hash = "sha256:97666c084e9eb1c08c7fd6d306d153767acdf03c0d80349ec55863cecd4138e0"},
    {file = "pycairo-1.25.1-cp39-cp39-win_amd64.whl", hash = "sha256:ac5437d140eccd97af12a618cc1ace0d9a85f1269f29e963751949f132828b21"},
    {file = "pycairo-1.25.1-cp39-cp39-win_arm64.whl", hash = "sha256:bda5d10adbf1f5eba6b524b5a70ccf7f659680b77e691ff94b312f25a6fcc91f"},
    {file = "pycairo-1.25.1.tar.gz", hash = "sha256:7e2be4fbc3b4536f16db7a11982cbf713e75069a4d73d44fe5a49b68423f5c0c"},
]

[[package]]
name = "pydbus"
version = "0.6.0"
description = "Pythonic DBus library"
optional = false
python-versions = "*"
files = [
    {file = "pydbus-0.6.0-py2.py3-none-any.whl", hash = "sha256:66b80106352a718d80d6c681dc2a82588048e30b75aab933e4020eb0660bf85e"},
    {file = "pydbus-0.6.0.tar.gz", hash = "sha256:4207162eff54223822c185da06c1ba8a34137a9602f3da5a528eedf3f78d0f2c"},
]

[[package]]
name = "pygobject"
version = "3.46.0"
description = "Python bindings for GObject Introspection"
optional = false
python-versions = ">=3.8, <4"
files = [
    {file = "PyGObject-3.46.0.tar.gz", hash = "sha256:481437b05af0a66b7c366ea052710eb3aacbb979d22d30b797f7ec29347ab1e6"},
]

[package.dependencies]
pycairo = ">=1.16,<2.0"

[[package]]
name = "python-xlib"
version = "0.33"
description = "Python X Library"
optional = false
python-versions = "*"
files = [
    {file = "python-xlib-0.33.tar.gz", hash = "sha256:55af7906a2c75ce6cb280a584776080602444f75815a7aff4d287bb2d7018b32"},
    {file = "python_xlib-0.33-py2.py3-none-any.whl", hash = "sha256:c3534038d42e0df2f1392a1b30a15a4ff5fdc2b86cfa94f072bf11b10a164398"},
]

[package.dependencies]
six = ">=1.10.0"

[[package]]
name = "pyusb"
version = "1.2.1"
description = "Python USB access module"
optional = false
python-versions = ">=3.6.0"
files = [
    {file = "pyusb-1.2.1-py3-none-any.whl", hash = "sha256:2b4c7cb86dbadf044dfb9d3a4ff69fd217013dbe78a792177a3feb172449ea36"},
    {file = "pyusb-1.2.1.tar.gz", hash = "sha256:a4cc7404a203144754164b8b40994e2849fde1cfff06b08492f12fff9d9de7b9"},
]

[[package]]
name = "pywinusb"
version = "0.4.2"
description = "A package that simplifies USB/HID communications on windows"
optional = false
python-versions = "*"
files = [
    {file = "pywinusb-0.4.2.zip", hash = "sha256:e2f5e89f7b74239ca4843721a9bda0fc99014750630c189a176ec0e1b35e86df"},
]

[[package]]
name = "six"
version = "1.16.0"
description = "Python 2 and 3 compatibility utilities"
optional = false
python-versions = ">=2.7, !=3.0.*, !=3.1.*, !=3.2.*"
files = [
    {file = "six-1.16.0-py2.py3-none-any.whl", hash = "sha256:8abb2f1d86890a2dfb989f9a77cfcfd3e47c2a354b01111771326f8aa26e0254"},
    {file = "six-1.16.0.tar.gz", hash = "sha256:1e61c37477a1626458e36f7b1d82aa5c9b094fa4802892072e49de9c60c4c926"},
]

[metadata]
lock-version = "2.0"
python-versions = "^3.11"
content-hash = "cf57dbbafc883bad7fa811a9d5d0aaadedb5f743ed55a8e46a3fa2c1b38c0ab8"
